// !$*UTF8*$!
{
	archiveVersion = 1;
	classes = {
	};
	objectVersion = 50;
	objects = {

/* Begin PBXBuildFile section */
		02C842C7E2FB0F1F992C7213 /* Pods_FlixUITests.framework in Frameworks */ = {isa = PBXBuildFile; fileRef = 1B49BA3BDAFFEADD9331030B /* Pods_FlixUITests.framework */; };
		57CBD55294C1E0EBD52C07B2 /* Pods_Flix.framework in Frameworks */ = {isa = PBXBuildFile; fileRef = DCF0080C8086211E02D86723 /* Pods_Flix.framework */; };
		AF07458D221BBB390079E30C /* MovieCell.swift in Sources */ = {isa = PBXBuildFile; fileRef = AF07458C221BBB390079E30C /* MovieCell.swift */; };
		AF3E10392213C5CB00A613E8 /* AppDelegate.swift in Sources */ = {isa = PBXBuildFile; fileRef = AF3E10382213C5CB00A613E8 /* AppDelegate.swift */; };
		AF3E103E2213C5CB00A613E8 /* Main.storyboard in Resources */ = {isa = PBXBuildFile; fileRef = AF3E103C2213C5CB00A613E8 /* Main.storyboard */; };
		AF3E10402213C5CD00A613E8 /* Assets.xcassets in Resources */ = {isa = PBXBuildFile; fileRef = AF3E103F2213C5CD00A613E8 /* Assets.xcassets */; };
		AF3E10432213C5CD00A613E8 /* LaunchScreen.storyboard in Resources */ = {isa = PBXBuildFile; fileRef = AF3E10412213C5CD00A613E8 /* LaunchScreen.storyboard */; };
		AF3E104E2213C5CD00A613E8 /* FlixTests.swift in Sources */ = {isa = PBXBuildFile; fileRef = AF3E104D2213C5CD00A613E8 /* FlixTests.swift */; };
		AF3E10592213C5CD00A613E8 /* FlixUITests.swift in Sources */ = {isa = PBXBuildFile; fileRef = AF3E10582213C5CD00A613E8 /* FlixUITests.swift */; };
		AF3E10672213C96500A613E8 /* MoviesViewController.swift in Sources */ = {isa = PBXBuildFile; fileRef = AF3E10662213C96500A613E8 /* MoviesViewController.swift */; };
		AF6FEC01222536380090E95F /* MovieDetailsViewController.swift in Sources */ = {isa = PBXBuildFile; fileRef = AF6FEC00222536380090E95F /* MovieDetailsViewController.swift */; };
		AF6FEC032225BCC70090E95F /* MovieGridViewController.swift in Sources */ = {isa = PBXBuildFile; fileRef = AF6FEC022225BCC70090E95F /* MovieGridViewController.swift */; };
		AF6FEC052225BEEA0090E95F /* MovieGridCollectionViewCell.swift in Sources */ = {isa = PBXBuildFile; fileRef = AF6FEC042225BEEA0090E95F /* MovieGridCollectionViewCell.swift */; };
		FBA6EF3FDFFF4628BFA5FEF7 /* Pods_FlixTests.framework in Frameworks */ = {isa = PBXBuildFile; fileRef = F91D45E30C08616D62D38CFF /* Pods_FlixTests.framework */; };
/* End PBXBuildFile section */

/* Begin PBXContainerItemProxy section */
		AF3E104A2213C5CD00A613E8 /* PBXContainerItemProxy */ = {
			isa = PBXContainerItemProxy;
			containerPortal = AF3E102D2213C5CB00A613E8 /* Project object */;
			proxyType = 1;
			remoteGlobalIDString = AF3E10342213C5CB00A613E8;
			remoteInfo = Flix;
		};
		AF3E10552213C5CD00A613E8 /* PBXContainerItemProxy */ = {
			isa = PBXContainerItemProxy;
			containerPortal = AF3E102D2213C5CB00A613E8 /* Project object */;
			proxyType = 1;
			remoteGlobalIDString = AF3E10342213C5CB00A613E8;
			remoteInfo = Flix;
		};
/* End PBXContainerItemProxy section */

/* Begin PBXFileReference section */
		0F7ECEF46AC4F925FF68AEED /* Pods-Flix.release.xcconfig */ = {isa = PBXFileReference; includeInIndex = 1; lastKnownFileType = text.xcconfig; name = "Pods-Flix.release.xcconfig"; path = "Target Support Files/Pods-Flix/Pods-Flix.release.xcconfig"; sourceTree = "<group>"; };
		1B49BA3BDAFFEADD9331030B /* Pods_FlixUITests.framework */ = {isa = PBXFileReference; explicitFileType = wrapper.framework; includeInIndex = 0; path = Pods_FlixUITests.framework; sourceTree = BUILT_PRODUCTS_DIR; };
		39569C57D3470777459BBFB5 /* Pods-Flix.debug.xcconfig */ = {isa = PBXFileReference; includeInIndex = 1; lastKnownFileType = text.xcconfig; name = "Pods-Flix.debug.xcconfig"; path = "Target Support Files/Pods-Flix/Pods-Flix.debug.xcconfig"; sourceTree = "<group>"; };
		57CD80832AC2857157152BE7 /* Pods-FlixUITests.debug.xcconfig */ = {isa = PBXFileReference; includeInIndex = 1; lastKnownFileType = text.xcconfig; name = "Pods-FlixUITests.debug.xcconfig"; path = "Target Support Files/Pods-FlixUITests/Pods-FlixUITests.debug.xcconfig"; sourceTree = "<group>"; };
		689624F9AE570CBE1C70B731 /* Pods-FlixUITests.release.xcconfig */ = {isa = PBXFileReference; includeInIndex = 1; lastKnownFileType = text.xcconfig; name = "Pods-FlixUITests.release.xcconfig"; path = "Target Support Files/Pods-FlixUITests/Pods-FlixUITests.release.xcconfig"; sourceTree = "<group>"; };
		73441B063DB0EE44AA68D8DF /* Pods-FlixTests.release.xcconfig */ = {isa = PBXFileReference; includeInIndex = 1; lastKnownFileType = text.xcconfig; name = "Pods-FlixTests.release.xcconfig"; path = "Target Support Files/Pods-FlixTests/Pods-FlixTests.release.xcconfig"; sourceTree = "<group>"; };
		AF07458C221BBB390079E30C /* MovieCell.swift */ = {isa = PBXFileReference; lastKnownFileType = sourcecode.swift; path = MovieCell.swift; sourceTree = "<group>"; };
		AF3E10352213C5CB00A613E8 /* Flix.app */ = {isa = PBXFileReference; explicitFileType = wrapper.application; includeInIndex = 0; path = Flix.app; sourceTree = BUILT_PRODUCTS_DIR; };
		AF3E10382213C5CB00A613E8 /* AppDelegate.swift */ = {isa = PBXFileReference; lastKnownFileType = sourcecode.swift; path = AppDelegate.swift; sourceTree = "<group>"; };
		AF3E103D2213C5CB00A613E8 /* Base */ = {isa = PBXFileReference; lastKnownFileType = file.storyboard; name = Base; path = Base.lproj/Main.storyboard; sourceTree = "<group>"; };
		AF3E103F2213C5CD00A613E8 /* Assets.xcassets */ = {isa = PBXFileReference; lastKnownFileType = folder.assetcatalog; path = Assets.xcassets; sourceTree = "<group>"; };
		AF3E10422213C5CD00A613E8 /* Base */ = {isa = PBXFileReference; lastKnownFileType = file.storyboard; name = Base; path = Base.lproj/LaunchScreen.storyboard; sourceTree = "<group>"; };
		AF3E10442213C5CD00A613E8 /* Info.plist */ = {isa = PBXFileReference; lastKnownFileType = text.plist.xml; path = Info.plist; sourceTree = "<group>"; };
		AF3E10492213C5CD00A613E8 /* FlixTests.xctest */ = {isa = PBXFileReference; explicitFileType = wrapper.cfbundle; includeInIndex = 0; path = FlixTests.xctest; sourceTree = BUILT_PRODUCTS_DIR; };
		AF3E104D2213C5CD00A613E8 /* FlixTests.swift */ = {isa = PBXFileReference; lastKnownFileType = sourcecode.swift; path = FlixTests.swift; sourceTree = "<group>"; };
		AF3E104F2213C5CD00A613E8 /* Info.plist */ = {isa = PBXFileReference; lastKnownFileType = text.plist.xml; path = Info.plist; sourceTree = "<group>"; };
		AF3E10542213C5CD00A613E8 /* FlixUITests.xctest */ = {isa = PBXFileReference; explicitFileType = wrapper.cfbundle; includeInIndex = 0; path = FlixUITests.xctest; sourceTree = BUILT_PRODUCTS_DIR; };
		AF3E10582213C5CD00A613E8 /* FlixUITests.swift */ = {isa = PBXFileReference; lastKnownFileType = sourcecode.swift; path = FlixUITests.swift; sourceTree = "<group>"; };
		AF3E105A2213C5CD00A613E8 /* Info.plist */ = {isa = PBXFileReference; lastKnownFileType = text.plist.xml; path = Info.plist; sourceTree = "<group>"; };
		AF3E10662213C96500A613E8 /* MoviesViewController.swift */ = {isa = PBXFileReference; lastKnownFileType = sourcecode.swift; path = MoviesViewController.swift; sourceTree = "<group>"; };
		AF6FEC00222536380090E95F /* MovieDetailsViewController.swift */ = {isa = PBXFileReference; lastKnownFileType = sourcecode.swift; path = MovieDetailsViewController.swift; sourceTree = "<group>"; };
		AF6FEC022225BCC70090E95F /* MovieGridViewController.swift */ = {isa = PBXFileReference; lastKnownFileType = sourcecode.swift; path = MovieGridViewController.swift; sourceTree = "<group>"; };
		AF6FEC042225BEEA0090E95F /* MovieGridCollectionViewCell.swift */ = {isa = PBXFileReference; lastKnownFileType = sourcecode.swift; path = MovieGridCollectionViewCell.swift; sourceTree = "<group>"; };
		B593670BF6B9FA61D5585FA1 /* Pods-FlixTests.debug.xcconfig */ = {isa = PBXFileReference; includeInIndex = 1; lastKnownFileType = text.xcconfig; name = "Pods-FlixTests.debug.xcconfig"; path = "Target Support Files/Pods-FlixTests/Pods-FlixTests.debug.xcconfig"; sourceTree = "<group>"; };
		DCF0080C8086211E02D86723 /* Pods_Flix.framework */ = {isa = PBXFileReference; explicitFileType = wrapper.framework; includeInIndex = 0; path = Pods_Flix.framework; sourceTree = BUILT_PRODUCTS_DIR; };
		F91D45E30C08616D62D38CFF /* Pods_FlixTests.framework */ = {isa = PBXFileReference; explicitFileType = wrapper.framework; includeInIndex = 0; path = Pods_FlixTests.framework; sourceTree = BUILT_PRODUCTS_DIR; };
/* End PBXFileReference section */

/* Begin PBXFrameworksBuildPhase section */
		AF3E10322213C5CB00A613E8 /* Frameworks */ = {
			isa = PBXFrameworksBuildPhase;
			buildActionMask = 2147483647;
			files = (
				57CBD55294C1E0EBD52C07B2 /* Pods_Flix.framework in Frameworks */,
			);
			runOnlyForDeploymentPostprocessing = 0;
		};
		AF3E10462213C5CD00A613E8 /* Frameworks */ = {
			isa = PBXFrameworksBuildPhase;
			buildActionMask = 2147483647;
			files = (
				FBA6EF3FDFFF4628BFA5FEF7 /* Pods_FlixTests.framework in Frameworks */,
			);
			runOnlyForDeploymentPostprocessing = 0;
		};
		AF3E10512213C5CD00A613E8 /* Frameworks */ = {
			isa = PBXFrameworksBuildPhase;
			buildActionMask = 2147483647;
			files = (
				02C842C7E2FB0F1F992C7213 /* Pods_FlixUITests.framework in Frameworks */,
			);
			runOnlyForDeploymentPostprocessing = 0;
		};
/* End PBXFrameworksBuildPhase section */

/* Begin PBXGroup section */
		59866FF50BA0FB286F64C0BC /* Pods */ = {
			isa = PBXGroup;
			children = (
				39569C57D3470777459BBFB5 /* Pods-Flix.debug.xcconfig */,
				0F7ECEF46AC4F925FF68AEED /* Pods-Flix.release.xcconfig */,
				B593670BF6B9FA61D5585FA1 /* Pods-FlixTests.debug.xcconfig */,
				73441B063DB0EE44AA68D8DF /* Pods-FlixTests.release.xcconfig */,
				57CD80832AC2857157152BE7 /* Pods-FlixUITests.debug.xcconfig */,
				689624F9AE570CBE1C70B731 /* Pods-FlixUITests.release.xcconfig */,
			);
			path = Pods;
			sourceTree = "<group>";
		};
		63CB78611B4EBC4F99F56867 /* Frameworks */ = {
			isa = PBXGroup;
			children = (
				DCF0080C8086211E02D86723 /* Pods_Flix.framework */,
				F91D45E30C08616D62D38CFF /* Pods_FlixTests.framework */,
				1B49BA3BDAFFEADD9331030B /* Pods_FlixUITests.framework */,
			);
			name = Frameworks;
			sourceTree = "<group>";
		};
		AF3E102C2213C5CB00A613E8 = {
			isa = PBXGroup;
			children = (
				AF3E10372213C5CB00A613E8 /* Flix */,
				AF3E104C2213C5CD00A613E8 /* FlixTests */,
				AF3E10572213C5CD00A613E8 /* FlixUITests */,
				AF3E10362213C5CB00A613E8 /* Products */,
				59866FF50BA0FB286F64C0BC /* Pods */,
				63CB78611B4EBC4F99F56867 /* Frameworks */,
			);
			sourceTree = "<group>";
		};
		AF3E10362213C5CB00A613E8 /* Products */ = {
			isa = PBXGroup;
			children = (
				AF3E10352213C5CB00A613E8 /* Flix.app */,
				AF3E10492213C5CD00A613E8 /* FlixTests.xctest */,
				AF3E10542213C5CD00A613E8 /* FlixUITests.xctest */,
			);
			name = Products;
			sourceTree = "<group>";
		};
		AF3E10372213C5CB00A613E8 /* Flix */ = {
			isa = PBXGroup;
			children = (
				AF3E10382213C5CB00A613E8 /* AppDelegate.swift */,
				AF3E103C2213C5CB00A613E8 /* Main.storyboard */,
				AF6FEC042225BEEA0090E95F /* MovieGridCollectionViewCell.swift */,
				AF6FEC00222536380090E95F /* MovieDetailsViewController.swift */,
				AF07458C221BBB390079E30C /* MovieCell.swift */,
				AF3E103F2213C5CD00A613E8 /* Assets.xcassets */,
				AF3E10412213C5CD00A613E8 /* LaunchScreen.storyboard */,
				AF3E10442213C5CD00A613E8 /* Info.plist */,
				AF3E10662213C96500A613E8 /* MoviesViewController.swift */,
				AF6FEC022225BCC70090E95F /* MovieGridViewController.swift */,
			);
			path = Flix;
			sourceTree = "<group>";
		};
		AF3E104C2213C5CD00A613E8 /* FlixTests */ = {
			isa = PBXGroup;
			children = (
				AF3E104D2213C5CD00A613E8 /* FlixTests.swift */,
				AF3E104F2213C5CD00A613E8 /* Info.plist */,
			);
			path = FlixTests;
			sourceTree = "<group>";
		};
		AF3E10572213C5CD00A613E8 /* FlixUITests */ = {
			isa = PBXGroup;
			children = (
				AF3E10582213C5CD00A613E8 /* FlixUITests.swift */,
				AF3E105A2213C5CD00A613E8 /* Info.plist */,
			);
			path = FlixUITests;
			sourceTree = "<group>";
		};
/* End PBXGroup section */

/* Begin PBXNativeTarget section */
		AF3E10342213C5CB00A613E8 /* Flix */ = {
			isa = PBXNativeTarget;
			buildConfigurationList = AF3E105D2213C5CD00A613E8 /* Build configuration list for PBXNativeTarget "Flix" */;
			buildPhases = (
				F6A532E2068CEDB2A540257C /* [CP] Check Pods Manifest.lock */,
				AF3E10312213C5CB00A613E8 /* Sources */,
				AF3E10322213C5CB00A613E8 /* Frameworks */,
				AF3E10332213C5CB00A613E8 /* Resources */,
				97F256760B72523BA9EEB09F /* [CP] Embed Pods Frameworks */,
			);
			buildRules = (
			);
			dependencies = (
			);
			name = Flix;
			productName = Flix;
			productReference = AF3E10352213C5CB00A613E8 /* Flix.app */;
			productType = "com.apple.product-type.application";
		};
		AF3E10482213C5CD00A613E8 /* FlixTests */ = {
			isa = PBXNativeTarget;
			buildConfigurationList = AF3E10602213C5CD00A613E8 /* Build configuration list for PBXNativeTarget "FlixTests" */;
			buildPhases = (
				AD9C136481E1D066C3DF4639 /* [CP] Check Pods Manifest.lock */,
				AF3E10452213C5CD00A613E8 /* Sources */,
				AF3E10462213C5CD00A613E8 /* Frameworks */,
				AF3E10472213C5CD00A613E8 /* Resources */,
			);
			buildRules = (
			);
			dependencies = (
				AF3E104B2213C5CD00A613E8 /* PBXTargetDependency */,
			);
			name = FlixTests;
			productName = FlixTests;
			productReference = AF3E10492213C5CD00A613E8 /* FlixTests.xctest */;
			productType = "com.apple.product-type.bundle.unit-test";
		};
		AF3E10532213C5CD00A613E8 /* FlixUITests */ = {
			isa = PBXNativeTarget;
			buildConfigurationList = AF3E10632213C5CD00A613E8 /* Build configuration list for PBXNativeTarget "FlixUITests" */;
			buildPhases = (
				68961DE9F5FEAD294ACF1383 /* [CP] Check Pods Manifest.lock */,
				AF3E10502213C5CD00A613E8 /* Sources */,
				AF3E10512213C5CD00A613E8 /* Frameworks */,
				AF3E10522213C5CD00A613E8 /* Resources */,
			);
			buildRules = (
			);
			dependencies = (
				AF3E10562213C5CD00A613E8 /* PBXTargetDependency */,
			);
			name = FlixUITests;
			productName = FlixUITests;
			productReference = AF3E10542213C5CD00A613E8 /* FlixUITests.xctest */;
			productType = "com.apple.product-type.bundle.ui-testing";
		};
/* End PBXNativeTarget section */

/* Begin PBXProject section */
		AF3E102D2213C5CB00A613E8 /* Project object */ = {
			isa = PBXProject;
			attributes = {
				LastSwiftUpdateCheck = 1010;
				LastUpgradeCheck = 1010;
				ORGANIZATIONNAME = kwkarlwang;
				TargetAttributes = {
					AF3E10342213C5CB00A613E8 = {
						CreatedOnToolsVersion = 10.1;
					};
					AF3E10482213C5CD00A613E8 = {
						CreatedOnToolsVersion = 10.1;
						TestTargetID = AF3E10342213C5CB00A613E8;
					};
					AF3E10532213C5CD00A613E8 = {
						CreatedOnToolsVersion = 10.1;
						TestTargetID = AF3E10342213C5CB00A613E8;
					};
				};
			};
			buildConfigurationList = AF3E10302213C5CB00A613E8 /* Build configuration list for PBXProject "Flix" */;
			compatibilityVersion = "Xcode 9.3";
			developmentRegion = en;
			hasScannedForEncodings = 0;
			knownRegions = (
				en,
				Base,
			);
			mainGroup = AF3E102C2213C5CB00A613E8;
			productRefGroup = AF3E10362213C5CB00A613E8 /* Products */;
			projectDirPath = "";
			projectRoot = "";
			targets = (
				AF3E10342213C5CB00A613E8 /* Flix */,
				AF3E10482213C5CD00A613E8 /* FlixTests */,
				AF3E10532213C5CD00A613E8 /* FlixUITests */,
			);
		};
/* End PBXProject section */

/* Begin PBXResourcesBuildPhase section */
		AF3E10332213C5CB00A613E8 /* Resources */ = {
			isa = PBXResourcesBuildPhase;
			buildActionMask = 2147483647;
			files = (
				AF3E10432213C5CD00A613E8 /* LaunchScreen.storyboard in Resources */,
				AF3E10402213C5CD00A613E8 /* Assets.xcassets in Resources */,
				AF3E103E2213C5CB00A613E8 /* Main.storyboard in Resources */,
			);
			runOnlyForDeploymentPostprocessing = 0;
		};
		AF3E10472213C5CD00A613E8 /* Resources */ = {
			isa = PBXResourcesBuildPhase;
			buildActionMask = 2147483647;
			files = (
			);
			runOnlyForDeploymentPostprocessing = 0;
		};
		AF3E10522213C5CD00A613E8 /* Resources */ = {
			isa = PBXResourcesBuildPhase;
			buildActionMask = 2147483647;
			files = (
			);
			runOnlyForDeploymentPostprocessing = 0;
		};
/* End PBXResourcesBuildPhase section */

/* Begin PBXShellScriptBuildPhase section */
		68961DE9F5FEAD294ACF1383 /* [CP] Check Pods Manifest.lock */ = {
			isa = PBXShellScriptBuildPhase;
			buildActionMask = 2147483647;
			files = (
			);
			inputFileListPaths = (
			);
			inputPaths = (
				"${PODS_PODFILE_DIR_PATH}/Podfile.lock",
				"${PODS_ROOT}/Manifest.lock",
			);
			name = "[CP] Check Pods Manifest.lock";
			outputFileListPaths = (
			);
			outputPaths = (
				"$(DERIVED_FILE_DIR)/Pods-FlixUITests-checkManifestLockResult.txt",
			);
			runOnlyForDeploymentPostprocessing = 0;
			shellPath = /bin/sh;
			shellScript = "diff \"${PODS_PODFILE_DIR_PATH}/Podfile.lock\" \"${PODS_ROOT}/Manifest.lock\" > /dev/null\nif [ $? != 0 ] ; then\n    # print error to STDERR\n    echo \"error: The sandbox is not in sync with the Podfile.lock. Run 'pod install' or update your CocoaPods installation.\" >&2\n    exit 1\nfi\n# This output is used by Xcode 'outputs' to avoid re-running this script phase.\necho \"SUCCESS\" > \"${SCRIPT_OUTPUT_FILE_0}\"\n";
			showEnvVarsInLog = 0;
		};
		97F256760B72523BA9EEB09F /* [CP] Embed Pods Frameworks */ = {
			isa = PBXShellScriptBuildPhase;
			buildActionMask = 2147483647;
			files = (
			);
			inputFileListPaths = (
			);
			inputPaths = (
				"${PODS_ROOT}/Target Support Files/Pods-Flix/Pods-Flix-frameworks.sh",
				"${BUILT_PRODUCTS_DIR}/Alamofire/Alamofire.framework",
				"${BUILT_PRODUCTS_DIR}/AlamofireImage/AlamofireImage.framework",
			);
			name = "[CP] Embed Pods Frameworks";
			outputFileListPaths = (
			);
			outputPaths = (
				"${TARGET_BUILD_DIR}/${FRAMEWORKS_FOLDER_PATH}/Alamofire.framework",
				"${TARGET_BUILD_DIR}/${FRAMEWORKS_FOLDER_PATH}/AlamofireImage.framework",
			);
			runOnlyForDeploymentPostprocessing = 0;
			shellPath = /bin/sh;
			shellScript = "\"${PODS_ROOT}/Target Support Files/Pods-Flix/Pods-Flix-frameworks.sh\"\n";
			showEnvVarsInLog = 0;
		};
		AD9C136481E1D066C3DF4639 /* [CP] Check Pods Manifest.lock */ = {
			isa = PBXShellScriptBuildPhase;
			buildActionMask = 2147483647;
			files = (
			);
			inputFileListPaths = (
			);
			inputPaths = (
				"${PODS_PODFILE_DIR_PATH}/Podfile.lock",
				"${PODS_ROOT}/Manifest.lock",
			);
			name = "[CP] Check Pods Manifest.lock";
			outputFileListPaths = (
			);
			outputPaths = (
				"$(DERIVED_FILE_DIR)/Pods-FlixTests-checkManifestLockResult.txt",
			);
			runOnlyForDeploymentPostprocessing = 0;
			shellPath = /bin/sh;
			shellScript = "diff \"${PODS_PODFILE_DIR_PATH}/Podfile.lock\" \"${PODS_ROOT}/Manifest.lock\" > /dev/null\nif [ $? != 0 ] ; then\n    # print error to STDERR\n    echo \"error: The sandbox is not in sync with the Podfile.lock. Run 'pod install' or update your CocoaPods installation.\" >&2\n    exit 1\nfi\n# This output is used by Xcode 'outputs' to avoid re-running this script phase.\necho \"SUCCESS\" > \"${SCRIPT_OUTPUT_FILE_0}\"\n";
			showEnvVarsInLog = 0;
		};
		F6A532E2068CEDB2A540257C /* [CP] Check Pods Manifest.lock */ = {
			isa = PBXShellScriptBuildPhase;
			buildActionMask = 2147483647;
			files = (
			);
			inputFileListPaths = (
			);
			inputPaths = (
				"${PODS_PODFILE_DIR_PATH}/Podfile.lock",
				"${PODS_ROOT}/Manifest.lock",
			);
			name = "[CP] Check Pods Manifest.lock";
			outputFileListPaths = (
			);
			outputPaths = (
				"$(DERIVED_FILE_DIR)/Pods-Flix-checkManifestLockResult.txt",
			);
			runOnlyForDeploymentPostprocessing = 0;
			shellPath = /bin/sh;
			shellScript = "diff \"${PODS_PODFILE_DIR_PATH}/Podfile.lock\" \"${PODS_ROOT}/Manifest.lock\" > /dev/null\nif [ $? != 0 ] ; then\n    # print error to STDERR\n    echo \"error: The sandbox is not in sync with the Podfile.lock. Run 'pod install' or update your CocoaPods installation.\" >&2\n    exit 1\nfi\n# This output is used by Xcode 'outputs' to avoid re-running this script phase.\necho \"SUCCESS\" > \"${SCRIPT_OUTPUT_FILE_0}\"\n";
			showEnvVarsInLog = 0;
		};
/* End PBXShellScriptBuildPhase section */

/* Begin PBXSourcesBuildPhase section */
		AF3E10312213C5CB00A613E8 /* Sources */ = {
			isa = PBXSourcesBuildPhase;
			buildActionMask = 2147483647;
			files = (
				AF6FEC032225BCC70090E95F /* MovieGridViewController.swift in Sources */,
				AF6FEC01222536380090E95F /* MovieDetailsViewController.swift in Sources */,
				AF3E10392213C5CB00A613E8 /* AppDelegate.swift in Sources */,
				AF3E10672213C96500A613E8 /* MoviesViewController.swift in Sources */,
				AF07458D221BBB390079E30C /* MovieCell.swift in Sources */,
				AF6FEC052225BEEA0090E95F /* MovieGridCollectionViewCell.swift in Sources */,
			);
			runOnlyForDeploymentPostprocessing = 0;
		};
		AF3E10452213C5CD00A613E8 /* Sources */ = {
			isa = PBXSourcesBuildPhase;
			buildActionMask = 2147483647;
			files = (
				AF3E104E2213C5CD00A613E8 /* FlixTests.swift in Sources */,
			);
			runOnlyForDeploymentPostprocessing = 0;
		};
		AF3E10502213C5CD00A613E8 /* Sources */ = {
			isa = PBXSourcesBuildPhase;
			buildActionMask = 2147483647;
			files = (
				AF3E10592213C5CD00A613E8 /* FlixUITests.swift in Sources */,
			);
			runOnlyForDeploymentPostprocessing = 0;
		};
/* End PBXSourcesBuildPhase section */

/* Begin PBXTargetDependency section */
		AF3E104B2213C5CD00A613E8 /* PBXTargetDependency */ = {
			isa = PBXTargetDependency;
			target = AF3E10342213C5CB00A613E8 /* Flix */;
			targetProxy = AF3E104A2213C5CD00A613E8 /* PBXContainerItemProxy */;
		};
		AF3E10562213C5CD00A613E8 /* PBXTargetDependency */ = {
			isa = PBXTargetDependency;
			target = AF3E10342213C5CB00A613E8 /* Flix */;
			targetProxy = AF3E10552213C5CD00A613E8 /* PBXContainerItemProxy */;
		};
/* End PBXTargetDependency section */

/* Begin PBXVariantGroup section */
		AF3E103C2213C5CB00A613E8 /* Main.storyboard */ = {
			isa = PBXVariantGroup;
			children = (
				AF3E103D2213C5CB00A613E8 /* Base */,
			);
			name = Main.storyboard;
			sourceTree = "<group>";
		};
		AF3E10412213C5CD00A613E8 /* LaunchScreen.storyboard */ = {
			isa = PBXVariantGroup;
			children = (
				AF3E10422213C5CD00A613E8 /* Base */,
			);
			name = LaunchScreen.storyboard;
			sourceTree = "<group>";
		};
/* End PBXVariantGroup section */

/* Begin XCBuildConfiguration section */
		AF3E105B2213C5CD00A613E8 /* Debug */ = {
			isa = XCBuildConfiguration;
			buildSettings = {
				ALWAYS_SEARCH_USER_PATHS = NO;
				CLANG_ANALYZER_NONNULL = YES;
				CLANG_ANALYZER_NUMBER_OBJECT_CONVERSION = YES_AGGRESSIVE;
				CLANG_CXX_LANGUAGE_STANDARD = "gnu++14";
				CLANG_CXX_LIBRARY = "libc++";
				CLANG_ENABLE_MODULES = YES;
				CLANG_ENABLE_OBJC_ARC = YES;
				CLANG_ENABLE_OBJC_WEAK = YES;
				CLANG_WARN_BLOCK_CAPTURE_AUTORELEASING = YES;
				CLANG_WARN_BOOL_CONVERSION = YES;
				CLANG_WARN_COMMA = YES;
				CLANG_WARN_CONSTANT_CONVERSION = YES;
				CLANG_WARN_DEPRECATED_OBJC_IMPLEMENTATIONS = YES;
				CLANG_WARN_DIRECT_OBJC_ISA_USAGE = YES_ERROR;
				CLANG_WARN_DOCUMENTATION_COMMENTS = YES;
				CLANG_WARN_EMPTY_BODY = YES;
				CLANG_WARN_ENUM_CONVERSION = YES;
				CLANG_WARN_INFINITE_RECURSION = YES;
				CLANG_WARN_INT_CONVERSION = YES;
				CLANG_WARN_NON_LITERAL_NULL_CONVERSION = YES;
				CLANG_WARN_OBJC_IMPLICIT_RETAIN_SELF = YES;
				CLANG_WARN_OBJC_LITERAL_CONVERSION = YES;
				CLANG_WARN_OBJC_ROOT_CLASS = YES_ERROR;
				CLANG_WARN_RANGE_LOOP_ANALYSIS = YES;
				CLANG_WARN_STRICT_PROTOTYPES = YES;
				CLANG_WARN_SUSPICIOUS_MOVE = YES;
				CLANG_WARN_UNGUARDED_AVAILABILITY = YES_AGGRESSIVE;
				CLANG_WARN_UNREACHABLE_CODE = YES;
				CLANG_WARN__DUPLICATE_METHOD_MATCH = YES;
				CODE_SIGN_IDENTITY = "iPhone Developer";
				COPY_PHASE_STRIP = NO;
				DEBUG_INFORMATION_FORMAT = dwarf;
				ENABLE_STRICT_OBJC_MSGSEND = YES;
				ENABLE_TESTABILITY = YES;
				GCC_C_LANGUAGE_STANDARD = gnu11;
				GCC_DYNAMIC_NO_PIC = NO;
				GCC_NO_COMMON_BLOCKS = YES;
				GCC_OPTIMIZATION_LEVEL = 0;
				GCC_PREPROCESSOR_DEFINITIONS = (
					"DEBUG=1",
					"$(inherited)",
				);
				GCC_WARN_64_TO_32_BIT_CONVERSION = YES;
				GCC_WARN_ABOUT_RETURN_TYPE = YES_ERROR;
				GCC_WARN_UNDECLARED_SELECTOR = YES;
				GCC_WARN_UNINITIALIZED_AUTOS = YES_AGGRESSIVE;
				GCC_WARN_UNUSED_FUNCTION = YES;
				GCC_WARN_UNUSED_VARIABLE = YES;
				IPHONEOS_DEPLOYMENT_TARGET = 12.1;
				MTL_ENABLE_DEBUG_INFO = INCLUDE_SOURCE;
				MTL_FAST_MATH = YES;
				ONLY_ACTIVE_ARCH = YES;
				SDKROOT = iphoneos;
				SWIFT_ACTIVE_COMPILATION_CONDITIONS = DEBUG;
				SWIFT_OPTIMIZATION_LEVEL = "-Onone";
			};
			name = Debug;
		};
		AF3E105C2213C5CD00A613E8 /* Release */ = {
			isa = XCBuildConfiguration;
			buildSettings = {
				ALWAYS_SEARCH_USER_PATHS = NO;
				CLANG_ANALYZER_NONNULL = YES;
				CLANG_ANALYZER_NUMBER_OBJECT_CONVERSION = YES_AGGRESSIVE;
				CLANG_CXX_LANGUAGE_STANDARD = "gnu++14";
				CLANG_CXX_LIBRARY = "libc++";
				CLANG_ENABLE_MODULES = YES;
				CLANG_ENABLE_OBJC_ARC = YES;
				CLANG_ENABLE_OBJC_WEAK = YES;
				CLANG_WARN_BLOCK_CAPTURE_AUTORELEASING = YES;
				CLANG_WARN_BOOL_CONVERSION = YES;
				CLANG_WARN_COMMA = YES;
				CLANG_WARN_CONSTANT_CONVERSION = YES;
				CLANG_WARN_DEPRECATED_OBJC_IMPLEMENTATIONS = YES;
				CLANG_WARN_DIRECT_OBJC_ISA_USAGE = YES_ERROR;
				CLANG_WARN_DOCUMENTATION_COMMENTS = YES;
				CLANG_WARN_EMPTY_BODY = YES;
				CLANG_WARN_ENUM_CONVERSION = YES;
				CLANG_WARN_INFINITE_RECURSION = YES;
				CLANG_WARN_INT_CONVERSION = YES;
				CLANG_WARN_NON_LITERAL_NULL_CONVERSION = YES;
				CLANG_WARN_OBJC_IMPLICIT_RETAIN_SELF = YES;
				CLANG_WARN_OBJC_LITERAL_CONVERSION = YES;
				CLANG_WARN_OBJC_ROOT_CLASS = YES_ERROR;
				CLANG_WARN_RANGE_LOOP_ANALYSIS = YES;
				CLANG_WARN_STRICT_PROTOTYPES = YES;
				CLANG_WARN_SUSPICIOUS_MOVE = YES;
				CLANG_WARN_UNGUARDED_AVAILABILITY = YES_AGGRESSIVE;
				CLANG_WARN_UNREACHABLE_CODE = YES;
				CLANG_WARN__DUPLICATE_METHOD_MATCH = YES;
				CODE_SIGN_IDENTITY = "iPhone Developer";
				COPY_PHASE_STRIP = NO;
				DEBUG_INFORMATION_FORMAT = "dwarf-with-dsym";
				ENABLE_NS_ASSERTIONS = NO;
				ENABLE_STRICT_OBJC_MSGSEND = YES;
				GCC_C_LANGUAGE_STANDARD = gnu11;
				GCC_NO_COMMON_BLOCKS = YES;
				GCC_WARN_64_TO_32_BIT_CONVERSION = YES;
				GCC_WARN_ABOUT_RETURN_TYPE = YES_ERROR;
				GCC_WARN_UNDECLARED_SELECTOR = YES;
				GCC_WARN_UNINITIALIZED_AUTOS = YES_AGGRESSIVE;
				GCC_WARN_UNUSED_FUNCTION = YES;
				GCC_WARN_UNUSED_VARIABLE = YES;
				IPHONEOS_DEPLOYMENT_TARGET = 12.1;
				MTL_ENABLE_DEBUG_INFO = NO;
				MTL_FAST_MATH = YES;
				SDKROOT = iphoneos;
				SWIFT_COMPILATION_MODE = wholemodule;
				SWIFT_OPTIMIZATION_LEVEL = "-O";
				VALIDATE_PRODUCT = YES;
			};
			name = Release;
		};
		AF3E105E2213C5CD00A613E8 /* Debug */ = {
			isa = XCBuildConfiguration;
			baseConfigurationReference = 39569C57D3470777459BBFB5 /* Pods-Flix.debug.xcconfig */;
			buildSettings = {
				ASSETCATALOG_COMPILER_APPICON_NAME = AppIcon;
				CODE_SIGN_STYLE = Automatic;
				INFOPLIST_FILE = Flix/Info.plist;
				LD_RUNPATH_SEARCH_PATHS = (
					"$(inherited)",
					"@executable_path/Frameworks",
				);
				PRODUCT_BUNDLE_IDENTIFIER = com.codepath.Flix;
				PRODUCT_NAME = "$(TARGET_NAME)";
				SWIFT_VERSION = 4.2;
				TARGETED_DEVICE_FAMILY = "1,2";
			};
			name = Debug;
		};
		AF3E105F2213C5CD00A613E8 /* Release */ = {
			isa = XCBuildConfiguration;
			baseConfigurationReference = 0F7ECEF46AC4F925FF68AEED /* Pods-Flix.release.xcconfig */;
			buildSettings = {
				ASSETCATALOG_COMPILER_APPICON_NAME = AppIcon;
				CODE_SIGN_STYLE = Automatic;
				INFOPLIST_FILE = Flix/Info.plist;
				LD_RUNPATH_SEARCH_PATHS = (
					"$(inherited)",
					"@executable_path/Frameworks",
				);
				PRODUCT_BUNDLE_IDENTIFIER = com.codepath.Flix;
				PRODUCT_NAME = "$(TARGET_NAME)";
				SWIFT_VERSION = 4.2;
				TARGETED_DEVICE_FAMILY = "1,2";
			};
			name = Release;
		};
		AF3E10612213C5CD00A613E8 /* Debug */ = {
			isa = XCBuildConfiguration;
			baseConfigurationReference = B593670BF6B9FA61D5585FA1 /* Pods-FlixTests.debug.xcconfig */;
			buildSettings = {
				ALWAYS_EMBED_SWIFT_STANDARD_LIBRARIES = YES;
				BUNDLE_LOADER = "$(TEST_HOST)";
				CODE_SIGN_STYLE = Automatic;
				INFOPLIST_FILE = FlixTests/Info.plist;
				LD_RUNPATH_SEARCH_PATHS = (
					"$(inherited)",
					"@executable_path/Frameworks",
					"@loader_path/Frameworks",
				);
				PRODUCT_BUNDLE_IDENTIFIER = com.codepath.FlixTests;
				PRODUCT_NAME = "$(TARGET_NAME)";
				SWIFT_VERSION = 4.2;
				TARGETED_DEVICE_FAMILY = "1,2";
				TEST_HOST = "$(BUILT_PRODUCTS_DIR)/Flix.app/Flix";
			};
			name = Debug;
		};
		AF3E10622213C5CD00A613E8 /* Release */ = {
			isa = XCBuildConfiguration;
			baseConfigurationReference = 73441B063DB0EE44AA68D8DF /* Pods-FlixTests.release.xcconfig */;
			buildSettings = {
				ALWAYS_EMBED_SWIFT_STANDARD_LIBRARIES = YES;
				BUNDLE_LOADER = "$(TEST_HOST)";
				CODE_SIGN_STYLE = Automatic;
				INFOPLIST_FILE = FlixTests/Info.plist;
				LD_RUNPATH_SEARCH_PATHS = (
					"$(inherited)",
					"@executable_path/Frameworks",
					"@loader_path/Frameworks",
				);
				PRODUCT_BUNDLE_IDENTIFIER = com.codepath.FlixTests;
				PRODUCT_NAME = "$(TARGET_NAME)";
				SWIFT_VERSION = 4.2;
				TARGETED_DEVICE_FAMILY = "1,2";
				TEST_HOST = "$(BUILT_PRODUCTS_DIR)/Flix.app/Flix";
			};
			name = Release;
		};
		AF3E10642213C5CD00A613E8 /* Debug */ = {
			isa = XCBuildConfiguration;
			baseConfigurationReference = 57CD80832AC2857157152BE7 /* Pods-FlixUITests.debug.xcconfig */;
			buildSettings = {
				ALWAYS_EMBED_SWIFT_STANDARD_LIBRARIES = YES;
				CODE_SIGN_STYLE = Automatic;
				INFOPLIST_FILE = FlixUITests/Info.plist;
				LD_RUNPATH_SEARCH_PATHS = (
					"$(inherited)",
					"@executable_path/Frameworks",
					"@loader_path/Frameworks",
				);
				PRODUCT_BUNDLE_IDENTIFIER = com.codepath.FlixUITests;
				PRODUCT_NAME = "$(TARGET_NAME)";
				SWIFT_VERSION = 4.2;
				TARGETED_DEVICE_FAMILY = "1,2";
				TEST_TARGET_NAME = Flix;
			};
			name = Debug;
		};
		AF3E10652213C5CD00A613E8 /* Release */ = {
			isa = XCBuildConfiguration;
			baseConfigurationReference = 689624F9AE570CBE1C70B731 /* Pods-FlixUITests.release.xcconfig */;
			buildSettings = {
				ALWAYS_EMBED_SWIFT_STANDARD_LIBRARIES = YES;
				CODE_SIGN_STYLE = Automatic;
				INFOPLIST_FILE = FlixUITests/Info.plist;
				LD_RUNPATH_SEARCH_PATHS = (
					"$(inherited)",
					"@executable_path/Frameworks",
					"@loader_path/Frameworks",
				);
				PRODUCT_BUNDLE_IDENTIFIER = com.codepath.FlixUITests;
				PRODUCT_NAME = "$(TARGET_NAME)";
				SWIFT_VERSION = 4.2;
				TARGETED_DEVICE_FAMILY = "1,2";
				TEST_TARGET_NAME = Flix;
			};
			name = Release;
		};
/* End XCBuildConfiguration section */

/* Begin XCConfigurationList section */
		AF3E10302213C5CB00A613E8 /* Build configuration list for PBXProject "Flix" */ = {
			isa = XCConfigurationList;
			buildConfigurations = (
				AF3E105B2213C5CD00A613E8 /* Debug */,
				AF3E105C2213C5CD00A613E8 /* Release */,
			);
			defaultConfigurationIsVisible = 0;
			defaultConfigurationName = Release;
		};
		AF3E105D2213C5CD00A613E8 /* Build configuration list for PBXNativeTarget "Flix" */ = {
			isa = XCConfigurationList;
			buildConfigurations = (
				AF3E105E2213C5CD00A613E8 /* Debug */,
				AF3E105F2213C5CD00A613E8 /* Release */,
			);
			defaultConfigurationIsVisible = 0;
			defaultConfigurationName = Release;
		};
		AF3E10602213C5CD00A613E8 /* Build configuration list for PBXNativeTarget "FlixTests" */ = {
			isa = XCConfigurationList;
			buildConfigurations = (
				AF3E10612213C5CD00A613E8 /* Debug */,
				AF3E10622213C5CD00A613E8 /* Release */,
			);
			defaultConfigurationIsVisible = 0;
			defaultConfigurationName = Release;
		};
		AF3E10632213C5CD00A613E8 /* Build configuration list for PBXNativeTarget "FlixUITests" */ = {
			isa = XCConfigurationList;
			buildConfigurations = (
				AF3E10642213C5CD00A613E8 /* Debug */,
				AF3E10652213C5CD00A613E8 /* Release */,
			);
			defaultConfigurationIsVisible = 0;
			defaultConfigurationName = Release;
		};
/* End XCConfigurationList section */
	};
	rootObject = AF3E102D2213C5CB00A613E8 /* Project object */;
}
